
Microsoft Visual Studio Solution File, Format Version 12.00
# Visual Studio Version 17
VisualStudioVersion = 17.0.31903.59
MinimumVisualStudioVersion = 10.0.40219.1
Project("{FAE04EC0-301F-11D3-BF4B-00C04F79EFBC}") = "CSR", "CSR\CSR.csproj", "{AAAA578C-A364-4805-84A9-90C6D80A6484}"
EndProject
Project("{FAE04EC0-301F-11D3-BF4B-00C04F79EFBC}") = "CSRTest", "CSRTest\CSRTest.csproj", "{58CCCE6F-049F-41CD-B667-8978447C9B29}"
EndProject
Global
	GlobalSection(SolutionConfigurationPlatforms) = preSolution
		Debug|Any CPU = Debug|Any CPU
		Release|Any CPU = Release|Any CPU
	EndGlobalSection
	GlobalSection(SolutionProperties) = preSolution
		HideSolutionNode = FALSE
	EndGlobalSection
	GlobalSection(ProjectConfigurationPlatforms) = postSolution
		{AAAA578C-A364-4805-84A9-90C6D80A6484}.Debug|Any CPU.ActiveCfg = Debug|Any CPU
		{AAAA578C-A364-4805-84A9-90C6D80A6484}.Debug|Any CPU.Build.0 = Debug|Any CPU
		{AAAA578C-A364-4805-84A9-90C6D80A6484}.Release|Any CPU.ActiveCfg = Release|Any CPU
		{AAAA578C-A364-4805-84A9-90C6D80A6484}.Release|Any CPU.Build.0 = Release|Any CPU
		{58CCCE6F-049F-41CD-B667-8978447C9B29}.Debug|Any CPU.ActiveCfg = Debug|Any CPU
		{58CCCE6F-049F-41CD-B667-8978447C9B29}.Debug|Any CPU.Build.0 = Debug|Any CPU
		{58CCCE6F-049F-41CD-B667-8978447C9B29}.Release|Any CPU.ActiveCfg = Release|Any CPU
		{58CCCE6F-049F-41CD-B667-8978447C9B29}.Release|Any CPU.Build.0 = Release|Any CPU
	EndGlobalSection
EndGlobal
